// !$*UTF8*$!
{
	archiveVersion = 1;
	classes = {
	};
	objectVersion = 46;
	objects = {

/* Begin PBXBuildFile section */
		12A35D3C1B1C4936002E8CD7 /* main.m in Sources */ = {isa = PBXBuildFile; fileRef = 12A35D3B1B1C4936002E8CD7 /* main.m */; };
		12A35D3F1B1C4936002E8CD7 /* AppDelegate.m in Sources */ = {isa = PBXBuildFile; fileRef = 12A35D3E1B1C4936002E8CD7 /* AppDelegate.m */; };
		12A35D421B1C4936002E8CD7 /* ViewController.m in Sources */ = {isa = PBXBuildFile; fileRef = 12A35D411B1C4936002E8CD7 /* ViewController.m */; };
		12A35D451B1C4936002E8CD7 /* Main.storyboard in Resources */ = {isa = PBXBuildFile; fileRef = 12A35D431B1C4936002E8CD7 /* Main.storyboard */; };
		12A35D471B1C4936002E8CD7 /* Images.xcassets in Resources */ = {isa = PBXBuildFile; fileRef = 12A35D461B1C4936002E8CD7 /* Images.xcassets */; };
		12A35D4A1B1C4936002E8CD7 /* LaunchScreen.xib in Resources */ = {isa = PBXBuildFile; fileRef = 12A35D481B1C4936002E8CD7 /* LaunchScreen.xib */; };
		12A35D561B1C4936002E8CD7 /* StartsMoveTests.m in Sources */ = {isa = PBXBuildFile; fileRef = 12A35D551B1C4936002E8CD7 /* StartsMoveTests.m */; };
		12A35D641B1C4A4B002E8CD7 /* Ball.m in Sources */ = {isa = PBXBuildFile; fileRef = 12A35D631B1C4A4B002E8CD7 /* Ball.m */; };
		12A35D671B1C4A79002E8CD7 /* ImageView.m in Sources */ = {isa = PBXBuildFile; fileRef = 12A35D661B1C4A79002E8CD7 /* ImageView.m */; };
		12D04E211B1D4FFA00239E4F /* MainStartsViewController.m in Sources */ = {isa = PBXBuildFile; fileRef = 12D04E201B1D4FFA00239E4F /* MainStartsViewController.m */; };
		12D04E231B1D51EA00239E4F /* gameBall@2x.png in Resources */ = {isa = PBXBuildFile; fileRef = 12D04E221B1D51EA00239E4F /* gameBall@2x.png */; };
		12D04E261B1D5AF400239E4F /* MainViewController.m in Sources */ = {isa = PBXBuildFile; fileRef = 12D04E251B1D5AF400239E4F /* MainViewController.m */; };
/* End PBXBuildFile section */

/* Begin PBXContainerItemProxy section */
		12A35D501B1C4936002E8CD7 /* PBXContainerItemProxy */ = {
			isa = PBXContainerItemProxy;
			containerPortal = 12A35D2E1B1C4936002E8CD7 /* Project object */;
			proxyType = 1;
			remoteGlobalIDString = 12A35D351B1C4936002E8CD7;
			remoteInfo = StartsMove;
		};
/* End PBXContainerItemProxy section */

/* Begin PBXFileReference section */
		12A35D361B1C4936002E8CD7 /* StartsMove.app */ = {isa = PBXFileReference; explicitFileType = wrapper.application; includeInIndex = 0; path = StartsMove.app; sourceTree = BUILT_PRODUCTS_DIR; };
		12A35D3A1B1C4936002E8CD7 /* Info.plist */ = {isa = PBXFileReference; lastKnownFileType = text.plist.xml; path = Info.plist; sourceTree = "<group>"; };
		12A35D3B1B1C4936002E8CD7 /* main.m */ = {isa = PBXFileReference; lastKnownFileType = sourcecode.c.objc; path = main.m; sourceTree = "<group>"; };
		12A35D3D1B1C4936002E8CD7 /* AppDelegate.h */ = {isa = PBXFileReference; lastKnownFileType = sourcecode.c.h; path = AppDelegate.h; sourceTree = "<group>"; };
		12A35D3E1B1C4936002E8CD7 /* AppDelegate.m */ = {isa = PBXFileReference; lastKnownFileType = sourcecode.c.objc; path = AppDelegate.m; sourceTree = "<group>"; };
		12A35D401B1C4936002E8CD7 /* ViewController.h */ = {isa = PBXFileReference; lastKnownFileType = sourcecode.c.h; path = ViewController.h; sourceTree = "<group>"; };
		12A35D411B1C4936002E8CD7 /* ViewController.m */ = {isa = PBXFileReference; lastKnownFileType = sourcecode.c.objc; path = ViewController.m; sourceTree = "<group>"; };
		12A35D441B1C4936002E8CD7 /* Base */ = {isa = PBXFileReference; lastKnownFileType = file.storyboard; name = Base; path = Base.lproj/Main.storyboard; sourceTree = "<group>"; };
		12A35D461B1C4936002E8CD7 /* Images.xcassets */ = {isa = PBXFileReference; lastKnownFileType = folder.assetcatalog; path = Images.xcassets; sourceTree = "<group>"; };
		12A35D491B1C4936002E8CD7 /* Base */ = {isa = PBXFileReference; lastKnownFileType = file.xib; name = Base; path = Base.lproj/LaunchScreen.xib; sourceTree = "<group>"; };
		12A35D4F1B1C4936002E8CD7 /* StartsMoveTests.xctest */ = {isa = PBXFileReference; explicitFileType = wrapper.cfbundle; includeInIndex = 0; path = StartsMoveTests.xctest; sourceTree = BUILT_PRODUCTS_DIR; };
		12A35D541B1C4936002E8CD7 /* Info.plist */ = {isa = PBXFileReference; lastKnownFileType = text.plist.xml; path = Info.plist; sourceTree = "<group>"; };
		12A35D551B1C4936002E8CD7 /* StartsMoveTests.m */ = {isa = PBXFileReference; lastKnownFileType = sourcecode.c.objc; path = StartsMoveTests.m; sourceTree = "<group>"; };
		12A35D621B1C4A4B002E8CD7 /* Ball.h */ = {isa = PBXFileReference; fileEncoding = 4; lastKnownFileType = sourcecode.c.h; path = Ball.h; sourceTree = "<group>"; };
		12A35D631B1C4A4B002E8CD7 /* Ball.m */ = {isa = PBXFileReference; fileEncoding = 4; lastKnownFileType = sourcecode.c.objc; path = Ball.m; sourceTree = "<group>"; };
		12A35D651B1C4A79002E8CD7 /* ImageView.h */ = {isa = PBXFileReference; fileEncoding = 4; lastKnownFileType = sourcecode.c.h; path = ImageView.h; sourceTree = "<group>"; };
		12A35D661B1C4A79002E8CD7 /* ImageView.m */ = {isa = PBXFileReference; fileEncoding = 4; lastKnownFileType = sourcecode.c.objc; path = ImageView.m; sourceTree = "<group>"; };
		12D04E1F1B1D4FFA00239E4F /* MainStartsViewController.h */ = {isa = PBXFileReference; fileEncoding = 4; lastKnownFileType = sourcecode.c.h; path = MainStartsViewController.h; sourceTree = "<group>"; };
		12D04E201B1D4FFA00239E4F /* MainStartsViewController.m */ = {isa = PBXFileReference; fileEncoding = 4; lastKnownFileType = sourcecode.c.objc; path = MainStartsViewController.m; sourceTree = "<group>"; };
		12D04E221B1D51EA00239E4F /* gameBall@2x.png */ = {isa = PBXFileReference; lastKnownFileType = image.png; path = "gameBall@2x.png"; sourceTree = "<group>"; };
		12D04E241B1D5AF400239E4F /* MainViewController.h */ = {isa = PBXFileReference; fileEncoding = 4; lastKnownFileType = sourcecode.c.h; path = MainViewController.h; sourceTree = "<group>"; };
		12D04E251B1D5AF400239E4F /* MainViewController.m */ = {isa = PBXFileReference; fileEncoding = 4; lastKnownFileType = sourcecode.c.objc; path = MainViewController.m; sourceTree = "<group>"; };
/* End PBXFileReference section */

/* Begin PBXFrameworksBuildPhase section */
		12A35D331B1C4936002E8CD7 /* Frameworks */ = {
			isa = PBXFrameworksBuildPhase;
			buildActionMask = 2147483647;
			files = (
			);
			runOnlyForDeploymentPostprocessing = 0;
		};
		12A35D4C1B1C4936002E8CD7 /* Frameworks */ = {
			isa = PBXFrameworksBuildPhase;
			buildActionMask = 2147483647;
			files = (
			);
			runOnlyForDeploymentPostprocessing = 0;
		};
/* End PBXFrameworksBuildPhase section */

/* Begin PBXGroup section */
		12A35D2D1B1C4936002E8CD7 = {
			isa = PBXGroup;
			children = (
				12A35D381B1C4936002E8CD7 /* StartsMove */,
				12A35D521B1C4936002E8CD7 /* StartsMoveTests */,
				12A35D371B1C4936002E8CD7 /* Products */,
			);
			sourceTree = "<group>";
		};
		12A35D371B1C4936002E8CD7 /* Products */ = {
			isa = PBXGroup;
			children = (
				12A35D361B1C4936002E8CD7 /* StartsMove.app */,
				12A35D4F1B1C4936002E8CD7 /* StartsMoveTests.xctest */,
			);
			name = Products;
			sourceTree = "<group>";
		};
		12A35D381B1C4936002E8CD7 /* StartsMove */ = {
			isa = PBXGroup;
			children = (
				12A35D3D1B1C4936002E8CD7 /* AppDelegate.h */,
				12A35D3E1B1C4936002E8CD7 /* AppDelegate.m */,
				12A35D401B1C4936002E8CD7 /* ViewController.h */,
				12A35D411B1C4936002E8CD7 /* ViewController.m */,
				12A35D621B1C4A4B002E8CD7 /* Ball.h */,
				12A35D631B1C4A4B002E8CD7 /* Ball.m */,
				12A35D651B1C4A79002E8CD7 /* ImageView.h */,
				12A35D661B1C4A79002E8CD7 /* ImageView.m */,
				12D04E221B1D51EA00239E4F /* gameBall@2x.png */,
				12D04E241B1D5AF400239E4F /* MainViewController.h */,
				12D04E251B1D5AF400239E4F /* MainViewController.m */,
				12D04E1F1B1D4FFA00239E4F /* MainStartsViewController.h */,
				12D04E201B1D4FFA00239E4F /* MainStartsViewController.m */,
				12A35D431B1C4936002E8CD7 /* Main.storyboard */,
				12A35D461B1C4936002E8CD7 /* Images.xcassets */,
				12A35D481B1C4936002E8CD7 /* LaunchScreen.xib */,
				12A35D391B1C4936002E8CD7 /* Supporting Files */,
			);
			path = StartsMove;
			sourceTree = "<group>";
		};
		12A35D391B1C4936002E8CD7 /* Supporting Files */ = {
			isa = PBXGroup;
			children = (
				12A35D3A1B1C4936002E8CD7 /* Info.plist */,
				12A35D3B1B1C4936002E8CD7 /* main.m */,
			);
			name = "Supporting Files";
			sourceTree = "<group>";
		};
		12A35D521B1C4936002E8CD7 /* StartsMoveTests */ = {
			isa = PBXGroup;
			children = (
				12A35D551B1C4936002E8CD7 /* StartsMoveTests.m */,
				12A35D531B1C4936002E8CD7 /* Supporting Files */,
			);
			path = StartsMoveTests;
			sourceTree = "<group>";
		};
		12A35D531B1C4936002E8CD7 /* Supporting Files */ = {
			isa = PBXGroup;
			children = (
				12A35D541B1C4936002E8CD7 /* Info.plist */,
			);
			name = "Supporting Files";
			sourceTree = "<group>";
		};
/* End PBXGroup section */

/* Begin PBXNativeTarget section */
		12A35D351B1C4936002E8CD7 /* StartsMove */ = {
			isa = PBXNativeTarget;
			buildConfigurationList = 12A35D591B1C4936002E8CD7 /* Build configuration list for PBXNativeTarget "StartsMove" */;
			buildPhases = (
				12A35D321B1C4936002E8CD7 /* Sources */,
				12A35D331B1C4936002E8CD7 /* Frameworks */,
				12A35D341B1C4936002E8CD7 /* Resources */,
			);
			buildRules = (
			);
			dependencies = (
			);
			name = StartsMove;
			productName = StartsMove;
			productReference = 12A35D361B1C4936002E8CD7 /* StartsMove.app */;
			productType = "com.apple.product-type.application";
		};
		12A35D4E1B1C4936002E8CD7 /* StartsMoveTests */ = {
			isa = PBXNativeTarget;
			buildConfigurationList = 12A35D5C1B1C4936002E8CD7 /* Build configuration list for PBXNativeTarget "StartsMoveTests" */;
			buildPhases = (
				12A35D4B1B1C4936002E8CD7 /* Sources */,
				12A35D4C1B1C4936002E8CD7 /* Frameworks */,
				12A35D4D1B1C4936002E8CD7 /* Resources */,
			);
			buildRules = (
			);
			dependencies = (
				12A35D511B1C4936002E8CD7 /* PBXTargetDependency */,
			);
			name = StartsMoveTests;
			productName = StartsMoveTests;
			productReference = 12A35D4F1B1C4936002E8CD7 /* StartsMoveTests.xctest */;
			productType = "com.apple.product-type.bundle.unit-test";
		};
/* End PBXNativeTarget section */

/* Begin PBXProject section */
		12A35D2E1B1C4936002E8CD7 /* Project object */ = {
			isa = PBXProject;
			attributes = {
				LastUpgradeCheck = 0630;
				ORGANIZATIONNAME = wuheyou;
				TargetAttributes = {
					12A35D351B1C4936002E8CD7 = {
						CreatedOnToolsVersion = 6.3;
					};
					12A35D4E1B1C4936002E8CD7 = {
						CreatedOnToolsVersion = 6.3;
						TestTargetID = 12A35D351B1C4936002E8CD7;
					};
				};
			};
			buildConfigurationList = 12A35D311B1C4936002E8CD7 /* Build configuration list for PBXProject "StartsMove" */;
			compatibilityVersion = "Xcode 3.2";
			developmentRegion = English;
			hasScannedForEncodings = 0;
			knownRegions = (
				en,
				Base,
			);
			mainGroup = 12A35D2D1B1C4936002E8CD7;
			productRefGroup = 12A35D371B1C4936002E8CD7 /* Products */;
			projectDirPath = "";
			projectRoot = "";
			targets = (
				12A35D351B1C4936002E8CD7 /* StartsMove */,
				12A35D4E1B1C4936002E8CD7 /* StartsMoveTests */,
			);
		};
/* End PBXProject section */

/* Begin PBXResourcesBuildPhase section */
		12A35D341B1C4936002E8CD7 /* Resources */ = {
			isa = PBXResourcesBuildPhase;
			buildActionMask = 2147483647;
			files = (
				12A35D451B1C4936002E8CD7 /* Main.storyboard in Resources */,
				12D04E231B1D51EA00239E4F /* gameBall@2x.png in Resources */,
				12A35D4A1B1C4936002E8CD7 /* LaunchScreen.xib in Resources */,
				12A35D471B1C4936002E8CD7 /* Images.xcassets in Resources */,
			);
			runOnlyForDeploymentPostprocessing = 0;
		};
		12A35D4D1B1C4936002E8CD7 /* Resources */ = {
			isa = PBXResourcesBuildPhase;
			buildActionMask = 2147483647;
			files = (
			);
			runOnlyForDeploymentPostprocessing = 0;
		};
/* End PBXResourcesBuildPhase section */

/* Begin PBXSourcesBuildPhase section */
		12A35D321B1C4936002E8CD7 /* Sources */ = {
			isa = PBXSourcesBuildPhase;
			buildActionMask = 2147483647;
			files = (
				12A35D641B1C4A4B002E8CD7 /* Ball.m in Sources */,
				12A35D421B1C4936002E8CD7 /* ViewController.m in Sources */,
				12A35D3F1B1C4936002E8CD7 /* AppDelegate.m in Sources */,
				12D04E211B1D4FFA00239E4F /* MainStartsViewController.m in Sources */,
				12D04E261B1D5AF400239E4F /* MainViewController.m in Sources */,
				12A35D671B1C4A79002E8CD7 /* ImageView.m in Sources */,
				12A35D3C1B1C4936002E8CD7 /* main.m in Sources */,
			);
			runOnlyForDeploymentPostprocessing = 0;
		};
		12A35D4B1B1C4936002E8CD7 /* Sources */ = {
			isa = PBXSourcesBuildPhase;
			buildActionMask = 2147483647;
			files = (
				12A35D561B1C4936002E8CD7 /* StartsMoveTests.m in Sources */,
			);
			runOnlyForDeploymentPostprocessing = 0;
		};
/* End PBXSourcesBuildPhase section */

/* Begin PBXTargetDependency section */
		12A35D511B1C4936002E8CD7 /* PBXTargetDependency */ = {
			isa = PBXTargetDependency;
			target = 12A35D351B1C4936002E8CD7 /* StartsMove */;
			targetProxy = 12A35D501B1C4936002E8CD7 /* PBXContainerItemProxy */;
		};
/* End PBXTargetDependency section */

/* Begin PBXVariantGroup section */
		12A35D431B1C4936002E8CD7 /* Main.storyboard */ = {
			isa = PBXVariantGroup;
			children = (
				12A35D441B1C4936002E8CD7 /* Base */,
			);
			name = Main.storyboard;
			sourceTree = "<group>";
		};
		12A35D481B1C4936002E8CD7 /* LaunchScreen.xib */ = {
			isa = PBXVariantGroup;
			children = (
				12A35D491B1C4936002E8CD7 /* Base */,
			);
			name = LaunchScreen.xib;
			sourceTree = "<group>";
		};
/* End PBXVariantGroup section */

/* Begin XCBuildConfiguration section */
		12A35D571B1C4936002E8CD7 /* Debug */ = {
			isa = XCBuildConfiguration;
			buildSettings = {
				ALWAYS_SEARCH_USER_PATHS = NO;
				CLANG_CXX_LANGUAGE_STANDARD = "gnu++0x";
				CLANG_CXX_LIBRARY = "libc++";
				CLANG_ENABLE_MODULES = YES;
				CLANG_ENABLE_OBJC_ARC = YES;
				CLANG_WARN_BOOL_CONVERSION = YES;
				CLANG_WARN_CONSTANT_CONVERSION = YES;
				CLANG_WARN_DIRECT_OBJC_ISA_USAGE = YES_ERROR;
				CLANG_WARN_EMPTY_BODY = YES;
				CLANG_WARN_ENUM_CONVERSION = YES;
				CLANG_WARN_INT_CONVERSION = YES;
				CLANG_WARN_OBJC_ROOT_CLASS = YES_ERROR;
				CLANG_WARN_UNREACHABLE_CODE = YES;
				CLANG_WARN__DUPLICATE_METHOD_MATCH = YES;
				"CODE_SIGN_IDENTITY[sdk=iphoneos*]" = "iPhone Developer";
				COPY_PHASE_STRIP = NO;
				DEBUG_INFORMATION_FORMAT = "dwarf-with-dsym";
				ENABLE_STRICT_OBJC_MSGSEND = YES;
				GCC_C_LANGUAGE_STANDARD = gnu99;
				GCC_DYNAMIC_NO_PIC = NO;
				GCC_NO_COMMON_BLOCKS = YES;
				GCC_OPTIMIZATION_LEVEL = 0;
				GCC_PREPROCESSOR_DEFINITIONS = (
					"DEBUG=1",
					"$(inherited)",
				);
				GCC_SYMBOLS_PRIVATE_EXTERN = NO;
				GCC_WARN_64_TO_32_BIT_CONVERSION = YES;
				GCC_WARN_ABOUT_RETURN_TYPE = YES_ERROR;
				GCC_WARN_UNDECLARED_SELECTOR = YES;
				GCC_WARN_UNINITIALIZED_AUTOS = YES_AGGRESSIVE;
				GCC_WARN_UNUSED_FUNCTION = YES;
				GCC_WARN_UNUSED_VARIABLE = YES;
				IPHONEOS_DEPLOYMENT_TARGET = 8.3;
				MTL_ENABLE_DEBUG_INFO = YES;
				ONLY_ACTIVE_ARCH = YES;
				SDKROOT = iphoneos;
				TARGETED_DEVICE_FAMILY = "1,2";
			};
			name = Debug;
		};
		12A35D581B1C4936002E8CD7 /* Release */ = {
			isa = XCBuildConfiguration;
			buildSettings = {
				ALWAYS_SEARCH_USER_PATHS = NO;
				CLANG_CXX_LANGUAGE_STANDARD = "gnu++0x";
				CLANG_CXX_LIBRARY = "libc++";
				CLANG_ENABLE_MODULES = YES;
				CLANG_ENABLE_OBJC_ARC = YES;
				CLANG_WARN_BOOL_CONVERSION = YES;
				CLANG_WARN_CONSTANT_CONVERSION = YES;
				CLANG_WARN_DIRECT_OBJC_ISA_USAGE = YES_ERROR;
				CLANG_WARN_EMPTY_BODY = YES;
				CLANG_WARN_ENUM_CONVERSION = YES;
				CLANG_WARN_INT_CONVERSION = YES;
				CLANG_WARN_OBJC_ROOT_CLASS = YES_ERROR;
				CLANG_WARN_UNREACHABLE_CODE = YES;
				CLANG_WARN__DUPLICATE_METHOD_MATCH = YES;
				"CODE_SIGN_IDENTITY[sdk=iphoneos*]" = "iPhone Developer";
				COPY_PHASE_STRIP = NO;
				DEBUG_INFORMATION_FORMAT = "dwarf-with-dsym";
				ENABLE_NS_ASSERTIONS = NO;
				ENABLE_STRICT_OBJC_MSGSEND = YES;
				GCC_C_LANGUAGE_STANDARD = gnu99;
				GCC_NO_COMMON_BLOCKS = YES;
				GCC_WARN_64_TO_32_BIT_CONVERSION = YES;
				GCC_WARN_ABOUT_RETURN_TYPE = YES_ERROR;
				GCC_WARN_UNDECLARED_SELECTOR = YES;
				GCC_WARN_UNINITIALIZED_AUTOS = YES_AGGRESSIVE;
				GCC_WARN_UNUSED_FUNCTION = YES;
				GCC_WARN_UNUSED_VARIABLE = YES;
				IPHONEOS_DEPLOYMENT_TARGET = 8.3;
				MTL_ENABLE_DEBUG_INFO = NO;
				SDKROOT = iphoneos;
				TARGETED_DEVICE_FAMILY = "1,2";
				VALIDATE_PRODUCT = YES;
			};
			name = Release;
		};
		12A35D5A1B1C4936002E8CD7 /* Debug */ = {
			isa = XCBuildConfiguration;
			buildSettings = {
				ASSETCATALOG_COMPILER_APPICON_NAME = AppIcon;
				INFOPLIST_FILE = StartsMove/Info.plist;
				IPHONEOS_DEPLOYMENT_TARGET = 7.1;
				LD_RUNPATH_SEARCH_PATHS = "$(inherited) @executable_path/Frameworks";
				PRODUCT_NAME = "$(TARGET_NAME)";
			};
			name = Debug;
		};
		12A35D5B1B1C4936002E8CD7 /* Release */ = {
			isa = XCBuildConfiguration;
			buildSettings = {
				ASSETCATALOG_COMPILER_APPICON_NAME = AppIcon;
				INFOPLIST_FILE = StartsMove/Info.plist;
				IPHONEOS_DEPLOYMENT_TARGET = 7.1;
				LD_RUNPATH_SEARCH_PATHS = "$(inherited) @executable_path/Frameworks";
				PRODUCT_NAME = "$(TARGET_NAME)";
			};
			name = Release;
		};
		12A35D5D1B1C4936002E8CD7 /* Debug */ = {
			isa = XCBuildConfiguration;
			buildSettings = {
				BUNDLE_LOADER = "$(TEST_HOST)";
				FRAMEWORK_SEARCH_PATHS = (
					"$(SDKROOT)/Developer/Library/Frameworks",
					"$(inherited)",
				);
				GCC_PREPROCESSOR_DEFINITIONS = (
					"DEBUG=1",
					"$(inherited)",
				);
				INFOPLIST_FILE = StartsMoveTests/Info.plist;
				LD_RUNPATH_SEARCH_PATHS = "$(inherited) @executable_path/Frameworks @loader_path/Frameworks";
				PRODUCT_NAME = "$(TARGET_NAME)";
				TEST_HOST = "$(BUILT_PRODUCTS_DIR)/StartsMove.app/StartsMove";
			};
			name = Debug;
		};
		12A35D5E1B1C4936002E8CD7 /* Release */ = {
			isa = XCBuildConfiguration;
			buildSettings = {
				BUNDLE_LOADER = "$(TEST_HOST)";
				FRAMEWORK_SEARCH_PATHS = (
					"$(SDKROOT)/Developer/Library/Frameworks",
					"$(inherited)",
				);
				INFOPLIST_FILE = StartsMoveTests/Info.plist;
				LD_RUNPATH_SEARCH_PATHS = "$(inherited) @executable_path/Frameworks @loader_path/Frameworks";
				PRODUCT_NAME = "$(TARGET_NAME)";
				TEST_HOST = "$(BUILT_PRODUCTS_DIR)/StartsMove.app/StartsMove";
			};
			name = Release;
		};
/* End XCBuildConfiguration section */

/* Begin XCConfigurationList section */
		12A35D311B1C4936002E8CD7 /* Build configuration list for PBXProject "StartsMove" */ = {
			isa = XCConfigurationList;
			buildConfigurations = (
				12A35D571B1C4936002E8CD7 /* Debug */,
				12A35D581B1C4936002E8CD7 /* Release */,
			);
			defaultConfigurationIsVisible = 0;
			defaultConfigurationName = Release;
		};
		12A35D591B1C4936002E8CD7 /* Build configuration list for PBXNativeTarget "StartsMove" */ = {
			isa = XCConfigurationList;
			buildConfigurations = (
				12A35D5A1B1C4936002E8CD7 /* Debug */,
				12A35D5B1B1C4936002E8CD7 /* Release */,
			);
			defaultConfigurationIsVisible = 0;
			defaultConfigurationName = Release;
		};
		12A35D5C1B1C4936002E8CD7 /* Build configuration list for PBXNativeTarget "StartsMoveTests" */ = {
			isa = XCConfigurationList;
			buildConfigurations = (
				12A35D5D1B1C4936002E8CD7 /* Debug */,
				12A35D5E1B1C4936002E8CD7 /* Release */,
			);
			defaultConfigurationIsVisible = 0;
			defaultConfigurationName = Release;
		};
/* End XCConfigurationList section */
	};
	rootObject = 12A35D2E1B1C4936002E8CD7 /* Project object */;
}
